
Microsoft Visual Studio Solution File, Format Version 12.00
# Visual Studio Version 17
VisualStudioVersion = 17.9.34701.34
MinimumVisualStudioVersion = 10.0.40219.1
Project("{FAE04EC0-301F-11D3-BF4B-00C04F79EFBC}") = "PizzaApp", "PizzaApp\PizzaApp.csproj", "{7701EA80-CF21-4FFE-8203-0436BD2E5773}"
EndProject
Global
	GlobalSection(SolutionConfigurationPlatforms) = preSolution
		Debug|Any CPU = Debug|Any CPU
		Release|Any CPU = Release|Any CPU
	EndGlobalSection
	GlobalSection(ProjectConfigurationPlatforms) = postSolution
		{7701EA80-CF21-4FFE-8203-0436BD2E5773}.Debug|Any CPU.ActiveCfg = Debug|Any CPU
		{7701EA80-CF21-4FFE-8203-0436BD2E5773}.Debug|Any CPU.Build.0 = Debug|Any CPU
		{7701EA80-CF21-4FFE-8203-0436BD2E5773}.Debug|Any CPU.Deploy.0 = Debug|Any CPU
		{7701EA80-CF21-4FFE-8203-0436BD2E5773}.Release|Any CPU.ActiveCfg = Release|Any CPU
		{7701EA80-CF21-4FFE-8203-0436BD2E5773}.Release|Any CPU.Build.0 = Release|Any CPU
		{7701EA80-CF21-4FFE-8203-0436BD2E5773}.Release|Any CPU.Deploy.0 = Release|Any CPU
	EndGlobalSection
	GlobalSection(SolutionProperties) = preSolution
		HideSolutionNode = FALSE
	EndGlobalSection
	GlobalSection(ExtensibilityGlobals) = postSolution
		SolutionGuid = {4236726F-3F71-4623-94DD-5280C532F27F}
	EndGlobalSection
EndGlobal
